// !$*UTF8*$!
{
	archiveVersion = 1;
	classes = {
	};
	objectVersion = 50;
	objects = {

/* Begin PBXBuildFile section */
		CCF352D02347A0BB004B7AAC /* AppDelegate.swift in Sources */ = {isa = PBXBuildFile; fileRef = CCF352CF2347A0BB004B7AAC /* AppDelegate.swift */; };
		CCF352D22347A0BB004B7AAC /* GameScene.sks in Resources */ = {isa = PBXBuildFile; fileRef = CCF352D12347A0BB004B7AAC /* GameScene.sks */; };
		CCF352D42347A0BB004B7AAC /* Actions.sks in Resources */ = {isa = PBXBuildFile; fileRef = CCF352D32347A0BB004B7AAC /* Actions.sks */; };
		CCF352D62347A0BB004B7AAC /* GameScene.swift in Sources */ = {isa = PBXBuildFile; fileRef = CCF352D52347A0BB004B7AAC /* GameScene.swift */; };
		CCF352D82347A0BB004B7AAC /* GameViewController.swift in Sources */ = {isa = PBXBuildFile; fileRef = CCF352D72347A0BB004B7AAC /* GameViewController.swift */; };
		CCF352DB2347A0BB004B7AAC /* Main.storyboard in Resources */ = {isa = PBXBuildFile; fileRef = CCF352D92347A0BB004B7AAC /* Main.storyboard */; };
		CCF352DD2347A0BE004B7AAC /* Assets.xcassets in Resources */ = {isa = PBXBuildFile; fileRef = CCF352DC2347A0BE004B7AAC /* Assets.xcassets */; };
		CCF352E02347A0BE004B7AAC /* LaunchScreen.storyboard in Resources */ = {isa = PBXBuildFile; fileRef = CCF352DE2347A0BE004B7AAC /* LaunchScreen.storyboard */; };
/* End PBXBuildFile section */

/* Begin PBXFileReference section */
		CCF352CC2347A0BB004B7AAC /* 478SK.app */ = {isa = PBXFileReference; explicitFileType = wrapper.application; includeInIndex = 0; path = 478SK.app; sourceTree = BUILT_PRODUCTS_DIR; };
		CCF352CF2347A0BB004B7AAC /* AppDelegate.swift */ = {isa = PBXFileReference; lastKnownFileType = sourcecode.swift; path = AppDelegate.swift; sourceTree = "<group>"; };
		CCF352D12347A0BB004B7AAC /* GameScene.sks */ = {isa = PBXFileReference; lastKnownFileType = file.sks; path = GameScene.sks; sourceTree = "<group>"; };
		CCF352D32347A0BB004B7AAC /* Actions.sks */ = {isa = PBXFileReference; lastKnownFileType = file.sks; path = Actions.sks; sourceTree = "<group>"; };
		CCF352D52347A0BB004B7AAC /* GameScene.swift */ = {isa = PBXFileReference; lastKnownFileType = sourcecode.swift; path = GameScene.swift; sourceTree = "<group>"; };
		CCF352D72347A0BB004B7AAC /* GameViewController.swift */ = {isa = PBXFileReference; lastKnownFileType = sourcecode.swift; path = GameViewController.swift; sourceTree = "<group>"; };
		CCF352DA2347A0BB004B7AAC /* Base */ = {isa = PBXFileReference; lastKnownFileType = file.storyboard; name = Base; path = Base.lproj/Main.storyboard; sourceTree = "<group>"; };
		CCF352DC2347A0BE004B7AAC /* Assets.xcassets */ = {isa = PBXFileReference; lastKnownFileType = folder.assetcatalog; path = Assets.xcassets; sourceTree = "<group>"; };
		CCF352DF2347A0BE004B7AAC /* Base */ = {isa = PBXFileReference; lastKnownFileType = file.storyboard; name = Base; path = Base.lproj/LaunchScreen.storyboard; sourceTree = "<group>"; };
		CCF352E12347A0BE004B7AAC /* Info.plist */ = {isa = PBXFileReference; lastKnownFileType = text.plist.xml; path = Info.plist; sourceTree = "<group>"; };
/* End PBXFileReference section */

/* Begin PBXFrameworksBuildPhase section */
		CCF352C92347A0BB004B7AAC /* Frameworks */ = {
			isa = PBXFrameworksBuildPhase;
			buildActionMask = 2147483647;
			files = (
			);
			runOnlyForDeploymentPostprocessing = 0;
		};
/* End PBXFrameworksBuildPhase section */

/* Begin PBXGroup section */
		CCF352C32347A0BB004B7AAC = {
			isa = PBXGroup;
			children = (
				CCF352CE2347A0BB004B7AAC /* 478SK */,
				CCF352CD2347A0BB004B7AAC /* Products */,
			);
			sourceTree = "<group>";
		};
		CCF352CD2347A0BB004B7AAC /* Products */ = {
			isa = PBXGroup;
			children = (
				CCF352CC2347A0BB004B7AAC /* 478SK.app */,
			);
			name = Products;
			sourceTree = "<group>";
		};
		CCF352CE2347A0BB004B7AAC /* 478SK */ = {
			isa = PBXGroup;
			children = (
				CCF352CF2347A0BB004B7AAC /* AppDelegate.swift */,
				CCF352D12347A0BB004B7AAC /* GameScene.sks */,
				CCF352D32347A0BB004B7AAC /* Actions.sks */,
				CCF352D52347A0BB004B7AAC /* GameScene.swift */,
				CCF352D72347A0BB004B7AAC /* GameViewController.swift */,
				CCF352D92347A0BB004B7AAC /* Main.storyboard */,
				CCF352DC2347A0BE004B7AAC /* Assets.xcassets */,
				CCF352DE2347A0BE004B7AAC /* LaunchScreen.storyboard */,
				CCF352E12347A0BE004B7AAC /* Info.plist */,
			);
			path = 478SK;
			sourceTree = "<group>";
		};
/* End PBXGroup section */

/* Begin PBXNativeTarget section */
		CCF352CB2347A0BB004B7AAC /* 478SK */ = {
			isa = PBXNativeTarget;
			buildConfigurationList = CCF352E42347A0BE004B7AAC /* Build configuration list for PBXNativeTarget "478SK" */;
			buildPhases = (
				CCF352C82347A0BB004B7AAC /* Sources */,
				CCF352C92347A0BB004B7AAC /* Frameworks */,
				CCF352CA2347A0BB004B7AAC /* Resources */,
			);
			buildRules = (
			);
			dependencies = (
			);
			name = 478SK;
			productName = 478SK;
			productReference = CCF352CC2347A0BB004B7AAC /* 478SK.app */;
			productType = "com.apple.product-type.application";
		};
/* End PBXNativeTarget section */

/* Begin PBXProject section */
		CCF352C42347A0BB004B7AAC /* Project object */ = {
			isa = PBXProject;
			attributes = {
				LastSwiftUpdateCheck = 1030;
				LastUpgradeCheck = 1030;
				ORGANIZATIONNAME = emigdal;
				TargetAttributes = {
					CCF352CB2347A0BB004B7AAC = {
						CreatedOnToolsVersion = 10.3;
					};
				};
			};
			buildConfigurationList = CCF352C72347A0BB004B7AAC /* Build configuration list for PBXProject "478SK" */;
			compatibilityVersion = "Xcode 9.3";
			developmentRegion = en;
			hasScannedForEncodings = 0;
			knownRegions = (
				en,
				Base,
			);
			mainGroup = CCF352C32347A0BB004B7AAC;
			productRefGroup = CCF352CD2347A0BB004B7AAC /* Products */;
			projectDirPath = "";
			projectRoot = "";
			targets = (
				CCF352CB2347A0BB004B7AAC /* 478SK */,
			);
		};
/* End PBXProject section */

/* Begin PBXResourcesBuildPhase section */
		CCF352CA2347A0BB004B7AAC /* Resources */ = {
			isa = PBXResourcesBuildPhase;
			buildActionMask = 2147483647;
			files = (
				CCF352DB2347A0BB004B7AAC /* Main.storyboard in Resources */,
				CCF352D22347A0BB004B7AAC /* GameScene.sks in Resources */,
				CCF352DD2347A0BE004B7AAC /* Assets.xcassets in Resources */,
				CCF352E02347A0BE004B7AAC /* LaunchScreen.storyboard in Resources */,
				CCF352D42347A0BB004B7AAC /* Actions.sks in Resources */,
			);
			runOnlyForDeploymentPostprocessing = 0;
		};
/* End PBXResourcesBuildPhase section */

/* Begin PBXSourcesBuildPhase section */
		CCF352C82347A0BB004B7AAC /* Sources */ = {
			isa = PBXSourcesBuildPhase;
			buildActionMask = 2147483647;
			files = (
				CCF352D62347A0BB004B7AAC /* GameScene.swift in Sources */,
				CCF352D82347A0BB004B7AAC /* GameViewController.swift in Sources */,
				CCF352D02347A0BB004B7AAC /* AppDelegate.swift in Sources */,
			);
			runOnlyForDeploymentPostprocessing = 0;
		};
/* End PBXSourcesBuildPhase section */

/* Begin PBXVariantGroup section */
		CCF352D92347A0BB004B7AAC /* Main.storyboard */ = {
			isa = PBXVariantGroup;
			children = (
				CCF352DA2347A0BB004B7AAC /* Base */,
			);
			name = Main.storyboard;
			sourceTree = "<group>";
		};
		CCF352DE2347A0BE004B7AAC /* LaunchScreen.storyboard */ = {
			isa = PBXVariantGroup;
			children = (
				CCF352DF2347A0BE004B7AAC /* Base */,
			);
			name = LaunchScreen.storyboard;
			sourceTree = "<group>";
		};
/* End PBXVariantGroup section */

/* Begin XCBuildConfiguration section */
		CCF352E22347A0BE004B7AAC /* Debug */ = {
			isa = XCBuildConfiguration;
			buildSettings = {
				ALWAYS_SEARCH_USER_PATHS = NO;
				CLANG_ANALYZER_NONNULL = YES;
				CLANG_ANALYZER_NUMBER_OBJECT_CONVERSION = YES_AGGRESSIVE;
				CLANG_CXX_LANGUAGE_STANDARD = "gnu++14";
				CLANG_CXX_LIBRARY = "libc++";
				CLANG_ENABLE_MODULES = YES;
				CLANG_ENABLE_OBJC_ARC = YES;
				CLANG_ENABLE_OBJC_WEAK = YES;
				CLANG_WARN_BLOCK_CAPTURE_AUTORELEASING = YES;
				CLANG_WARN_BOOL_CONVERSION = YES;
				CLANG_WARN_COMMA = YES;
				CLANG_WARN_CONSTANT_CONVERSION = YES;
				CLANG_WARN_DEPRECATED_OBJC_IMPLEMENTATIONS = YES;
				CLANG_WARN_DIRECT_OBJC_ISA_USAGE = YES_ERROR;
				CLANG_WARN_DOCUMENTATION_COMMENTS = YES;
				CLANG_WARN_EMPTY_BODY = YES;
				CLANG_WARN_ENUM_CONVERSION = YES;
				CLANG_WARN_INFINITE_RECURSION = YES;
				CLANG_WARN_INT_CONVERSION = YES;
				CLANG_WARN_NON_LITERAL_NULL_CONVERSION = YES;
				CLANG_WARN_OBJC_IMPLICIT_RETAIN_SELF = YES;
				CLANG_WARN_OBJC_LITERAL_CONVERSION = YES;
				CLANG_WARN_OBJC_ROOT_CLASS = YES_ERROR;
				CLANG_WARN_RANGE_LOOP_ANALYSIS = YES;
				CLANG_WARN_STRICT_PROTOTYPES = YES;
				CLANG_WARN_SUSPICIOUS_MOVE = YES;
				CLANG_WARN_UNGUARDED_AVAILABILITY = YES_AGGRESSIVE;
				CLANG_WARN_UNREACHABLE_CODE = YES;
				CLANG_WARN__DUPLICATE_METHOD_MATCH = YES;
				CODE_SIGN_IDENTITY = "iPhone Developer";
				COPY_PHASE_STRIP = NO;
				DEBUG_INFORMATION_FORMAT = dwarf;
				ENABLE_STRICT_OBJC_MSGSEND = YES;
				ENABLE_TESTABILITY = YES;
				GCC_C_LANGUAGE_STANDARD = gnu11;
				GCC_DYNAMIC_NO_PIC = NO;
				GCC_NO_COMMON_BLOCKS = YES;
				GCC_OPTIMIZATION_LEVEL = 0;
				GCC_PREPROCESSOR_DEFINITIONS = (
					"DEBUG=1",
					"$(inherited)",
				);
				GCC_WARN_64_TO_32_BIT_CONVERSION = YES;
				GCC_WARN_ABOUT_RETURN_TYPE = YES_ERROR;
				GCC_WARN_UNDECLARED_SELECTOR = YES;
				GCC_WARN_UNINITIALIZED_AUTOS = YES_AGGRESSIVE;
				GCC_WARN_UNUSED_FUNCTION = YES;
				GCC_WARN_UNUSED_VARIABLE = YES;
				IPHONEOS_DEPLOYMENT_TARGET = 12.4;
				MTL_ENABLE_DEBUG_INFO = INCLUDE_SOURCE;
				MTL_FAST_MATH = YES;
				ONLY_ACTIVE_ARCH = YES;
				SDKROOT = iphoneos;
				SWIFT_ACTIVE_COMPILATION_CONDITIONS = DEBUG;
				SWIFT_OPTIMIZATION_LEVEL = "-Onone";
			};
			name = Debug;
		};
		CCF352E32347A0BE004B7AAC /* Release */ = {
			isa = XCBuildConfiguration;
			buildSettings = {
				ALWAYS_SEARCH_USER_PATHS = NO;
				CLANG_ANALYZER_NONNULL = YES;
				CLANG_ANALYZER_NUMBER_OBJECT_CONVERSION = YES_AGGRESSIVE;
				CLANG_CXX_LANGUAGE_STANDARD = "gnu++14";
				CLANG_CXX_LIBRARY = "libc++";
				CLANG_ENABLE_MODULES = YES;
				CLANG_ENABLE_OBJC_ARC = YES;
				CLANG_ENABLE_OBJC_WEAK = YES;
				CLANG_WARN_BLOCK_CAPTURE_AUTORELEASING = YES;
				CLANG_WARN_BOOL_CONVERSION = YES;
				CLANG_WARN_COMMA = YES;
				CLANG_WARN_CONSTANT_CONVERSION = YES;
				CLANG_WARN_DEPRECATED_OBJC_IMPLEMENTATIONS = YES;
				CLANG_WARN_DIRECT_OBJC_ISA_USAGE = YES_ERROR;
				CLANG_WARN_DOCUMENTATION_COMMENTS = YES;
				CLANG_WARN_EMPTY_BODY = YES;
				CLANG_WARN_ENUM_CONVERSION = YES;
				CLANG_WARN_INFINITE_RECURSION = YES;
				CLANG_WARN_INT_CONVERSION = YES;
				CLANG_WARN_NON_LITERAL_NULL_CONVERSION = YES;
				CLANG_WARN_OBJC_IMPLICIT_RETAIN_SELF = YES;
				CLANG_WARN_OBJC_LITERAL_CONVERSION = YES;
				CLANG_WARN_OBJC_ROOT_CLASS = YES_ERROR;
				CLANG_WARN_RANGE_LOOP_ANALYSIS = YES;
				CLANG_WARN_STRICT_PROTOTYPES = YES;
				CLANG_WARN_SUSPICIOUS_MOVE = YES;
				CLANG_WARN_UNGUARDED_AVAILABILITY = YES_AGGRESSIVE;
				CLANG_WARN_UNREACHABLE_CODE = YES;
				CLANG_WARN__DUPLICATE_METHOD_MATCH = YES;
				CODE_SIGN_IDENTITY = "iPhone Developer";
				COPY_PHASE_STRIP = NO;
				DEBUG_INFORMATION_FORMAT = "dwarf-with-dsym";
				ENABLE_NS_ASSERTIONS = NO;
				ENABLE_STRICT_OBJC_MSGSEND = YES;
				GCC_C_LANGUAGE_STANDARD = gnu11;
				GCC_NO_COMMON_BLOCKS = YES;
				GCC_WARN_64_TO_32_BIT_CONVERSION = YES;
				GCC_WARN_ABOUT_RETURN_TYPE = YES_ERROR;
				GCC_WARN_UNDECLARED_SELECTOR = YES;
				GCC_WARN_UNINITIALIZED_AUTOS = YES_AGGRESSIVE;
				GCC_WARN_UNUSED_FUNCTION = YES;
				GCC_WARN_UNUSED_VARIABLE = YES;
				IPHONEOS_DEPLOYMENT_TARGET = 12.4;
				MTL_ENABLE_DEBUG_INFO = NO;
				MTL_FAST_MATH = YES;
				SDKROOT = iphoneos;
				SWIFT_COMPILATION_MODE = wholemodule;
				SWIFT_OPTIMIZATION_LEVEL = "-O";
				VALIDATE_PRODUCT = YES;
			};
			name = Release;
		};
		CCF352E52347A0BE004B7AAC /* Debug */ = {
			isa = XCBuildConfiguration;
			buildSettings = {
				ASSETCATALOG_COMPILER_APPICON_NAME = AppIcon;
				CODE_SIGN_STYLE = Automatic;
				DEVELOPMENT_TEAM = WSHFK9Z263;
				INFOPLIST_FILE = 478SK/Info.plist;
				LD_RUNPATH_SEARCH_PATHS = (
					"$(inherited)",
					"@executable_path/Frameworks",
				);
				PRODUCT_BUNDLE_IDENTIFIER = "com.Castilleja.-78SK";
				PRODUCT_NAME = "$(TARGET_NAME)";
				SWIFT_VERSION = 5.0;
				TARGETED_DEVICE_FAMILY = "1,2";
			};
			name = Debug;
		};
		CCF352E62347A0BE004B7AAC /* Release */ = {
			isa = XCBuildConfiguration;
			buildSettings = {
				ASSETCATALOG_COMPILER_APPICON_NAME = AppIcon;
				CODE_SIGN_STYLE = Automatic;
				DEVELOPMENT_TEAM = WSHFK9Z263;
				INFOPLIST_FILE = 478SK/Info.plist;
				LD_RUNPATH_SEARCH_PATHS = (
					"$(inherited)",
					"@executable_path/Frameworks",
				);
				PRODUCT_BUNDLE_IDENTIFIER = "com.Castilleja.-78SK";
				PRODUCT_NAME = "$(TARGET_NAME)";
				SWIFT_VERSION = 5.0;
				TARGETED_DEVICE_FAMILY = "1,2";
			};
			name = Release;
		};
/* End XCBuildConfiguration section */

/* Begin XCConfigurationList section */
		CCF352C72347A0BB004B7AAC /* Build configuration list for PBXProject "478SK" */ = {
			isa = XCConfigurationList;
			buildConfigurations = (
				CCF352E22347A0BE004B7AAC /* Debug */,
				CCF352E32347A0BE004B7AAC /* Release */,
			);
			defaultConfigurationIsVisible = 0;
			defaultConfigurationName = Release;
		};
		CCF352E42347A0BE004B7AAC /* Build configuration list for PBXNativeTarget "478SK" */ = {
			isa = XCConfigurationList;
			buildConfigurations = (
				CCF352E52347A0BE004B7AAC /* Debug */,
				CCF352E62347A0BE004B7AAC /* Release */,
			);
			defaultConfigurationIsVisible = 0;
			defaultConfigurationName = Release;
		};
/* End XCConfigurationList section */
	};
	rootObject = CCF352C42347A0BB004B7AAC /* Project object */;
}
